
Microsoft Visual Studio Solution File, Format Version 12.00
# Visual Studio Version 17
VisualStudioVersion = 17.1.32407.343
MinimumVisualStudioVersion = 10.0.40219.1
Project("{FAE04EC0-301F-11D3-BF4B-00C04F79EFBC}") = "RestWithASPNET", "RestWithASPNET\RestWithASPNET.csproj", "{531A4E0A-4497-44C2-ACC8-D3D4BD25D131}"
EndProject
Global
	GlobalSection(SolutionConfigurationPlatforms) = preSolution
		Debug|Any CPU = Debug|Any CPU
		Release|Any CPU = Release|Any CPU
	EndGlobalSection
	GlobalSection(ProjectConfigurationPlatforms) = postSolution
		{531A4E0A-4497-44C2-ACC8-D3D4BD25D131}.Debug|Any CPU.ActiveCfg = Debug|Any CPU
		{531A4E0A-4497-44C2-ACC8-D3D4BD25D131}.Debug|Any CPU.Build.0 = Debug|Any CPU
		{531A4E0A-4497-44C2-ACC8-D3D4BD25D131}.Release|Any CPU.ActiveCfg = Release|Any CPU
		{531A4E0A-4497-44C2-ACC8-D3D4BD25D131}.Release|Any CPU.Build.0 = Release|Any CPU
	EndGlobalSection
	GlobalSection(SolutionProperties) = preSolution
		HideSolutionNode = FALSE
	EndGlobalSection
	GlobalSection(ExtensibilityGlobals) = postSolution
		SolutionGuid = {9F1E8728-7D7F-479F-A3F4-B1DE30AF1AB5}
	EndGlobalSection
EndGlobal
